
Microsoft Visual Studio Solution File, Format Version 12.00
# Visual Studio Version 17
VisualStudioVersion = 17.6.33801.468
MinimumVisualStudioVersion = 10.0.40219.1
Project("{9A19103F-16F7-4668-BE54-9A1E7A4F7556}") = "ShopApp.WebUI", "ShopApp.WebUI\ShopApp.WebUI.csproj", "{335AF232-0CA1-4BC1-A262-298D735F9DF9}"
EndProject
Project("{9A19103F-16F7-4668-BE54-9A1E7A4F7556}") = "ShopApp.Entity", "ShopApp.Entity\ShopApp.Entity.csproj", "{98ABC886-639B-49B1-86FB-31EFE3C67088}"
EndProject
Project("{9A19103F-16F7-4668-BE54-9A1E7A4F7556}") = "ShopApp.Data", "ShopApp.Data\ShopApp.Data.csproj", "{218FDAAA-DCA9-457D-97AF-FC66D6794AE5}"
EndProject
Project("{9A19103F-16F7-4668-BE54-9A1E7A4F7556}") = "ShopApp.Business", "ShopApp.Business\ShopApp.Business.csproj", "{D0C1E60A-812F-411E-9414-CEE37645D0E5}"
EndProject
Global
	GlobalSection(SolutionConfigurationPlatforms) = preSolution
		Debug|Any CPU = Debug|Any CPU
		Release|Any CPU = Release|Any CPU
	EndGlobalSection
	GlobalSection(ProjectConfigurationPlatforms) = postSolution
		{335AF232-0CA1-4BC1-A262-298D735F9DF9}.Debug|Any CPU.ActiveCfg = Debug|Any CPU
		{335AF232-0CA1-4BC1-A262-298D735F9DF9}.Debug|Any CPU.Build.0 = Debug|Any CPU
		{335AF232-0CA1-4BC1-A262-298D735F9DF9}.Release|Any CPU.ActiveCfg = Release|Any CPU
		{335AF232-0CA1-4BC1-A262-298D735F9DF9}.Release|Any CPU.Build.0 = Release|Any CPU
		{98ABC886-639B-49B1-86FB-31EFE3C67088}.Debug|Any CPU.ActiveCfg = Debug|Any CPU
		{98ABC886-639B-49B1-86FB-31EFE3C67088}.Debug|Any CPU.Build.0 = Debug|Any CPU
		{98ABC886-639B-49B1-86FB-31EFE3C67088}.Release|Any CPU.ActiveCfg = Release|Any CPU
		{98ABC886-639B-49B1-86FB-31EFE3C67088}.Release|Any CPU.Build.0 = Release|Any CPU
		{218FDAAA-DCA9-457D-97AF-FC66D6794AE5}.Debug|Any CPU.ActiveCfg = Debug|Any CPU
		{218FDAAA-DCA9-457D-97AF-FC66D6794AE5}.Debug|Any CPU.Build.0 = Debug|Any CPU
		{218FDAAA-DCA9-457D-97AF-FC66D6794AE5}.Release|Any CPU.ActiveCfg = Release|Any CPU
		{218FDAAA-DCA9-457D-97AF-FC66D6794AE5}.Release|Any CPU.Build.0 = Release|Any CPU
		{D0C1E60A-812F-411E-9414-CEE37645D0E5}.Debug|Any CPU.ActiveCfg = Debug|Any CPU
		{D0C1E60A-812F-411E-9414-CEE37645D0E5}.Debug|Any CPU.Build.0 = Debug|Any CPU
		{D0C1E60A-812F-411E-9414-CEE37645D0E5}.Release|Any CPU.ActiveCfg = Release|Any CPU
		{D0C1E60A-812F-411E-9414-CEE37645D0E5}.Release|Any CPU.Build.0 = Release|Any CPU
	EndGlobalSection
	GlobalSection(SolutionProperties) = preSolution
		HideSolutionNode = FALSE
	EndGlobalSection
	GlobalSection(ExtensibilityGlobals) = postSolution
		SolutionGuid = {50299D90-9F8C-45F3-A5A2-45BBCCA35595}
	EndGlobalSection
EndGlobal
